// !$*UTF8*$!
{
	archiveVersion = 1;
	classes = {
	};
	objectVersion = 50;
	objects = {

/* Begin PBXBuildFile section */
		06192DA623CCF69700D725A3 /* NewPlaceViewController.swift in Sources */ = {isa = PBXBuildFile; fileRef = 06192DA523CCF69700D725A3 /* NewPlaceViewController.swift */; };
		064036E323CC9DD200D1AB57 /* AppDelegate.swift in Sources */ = {isa = PBXBuildFile; fileRef = 064036E223CC9DD200D1AB57 /* AppDelegate.swift */; };
		064036E523CC9DD200D1AB57 /* SceneDelegate.swift in Sources */ = {isa = PBXBuildFile; fileRef = 064036E423CC9DD200D1AB57 /* SceneDelegate.swift */; };
		064036E723CC9DD200D1AB57 /* ViewController.swift in Sources */ = {isa = PBXBuildFile; fileRef = 064036E623CC9DD200D1AB57 /* ViewController.swift */; };
		064036EA23CC9DD200D1AB57 /* Main.storyboard in Resources */ = {isa = PBXBuildFile; fileRef = 064036E823CC9DD200D1AB57 /* Main.storyboard */; };
		064036EC23CC9DD300D1AB57 /* Assets.xcassets in Resources */ = {isa = PBXBuildFile; fileRef = 064036EB23CC9DD300D1AB57 /* Assets.xcassets */; };
		064036EF23CC9DD300D1AB57 /* LaunchScreen.storyboard in Resources */ = {isa = PBXBuildFile; fileRef = 064036ED23CC9DD300D1AB57 /* LaunchScreen.storyboard */; };
		064036FA23CC9DD300D1AB57 /* MyPlacesTests.swift in Sources */ = {isa = PBXBuildFile; fileRef = 064036F923CC9DD300D1AB57 /* MyPlacesTests.swift */; };
		0640370523CC9DD300D1AB57 /* MyPlacesUITests.swift in Sources */ = {isa = PBXBuildFile; fileRef = 0640370423CC9DD300D1AB57 /* MyPlacesUITests.swift */; };
		0640371323CCC5D600D1AB57 /* CustomTableViewCell.swift in Sources */ = {isa = PBXBuildFile; fileRef = 0640371223CCC5D600D1AB57 /* CustomTableViewCell.swift */; };
		0640371523CCCE2C00D1AB57 /* PlaceModel.swift in Sources */ = {isa = PBXBuildFile; fileRef = 0640371423CCCE2C00D1AB57 /* PlaceModel.swift */; };
/* End PBXBuildFile section */

/* Begin PBXContainerItemProxy section */
		064036F623CC9DD300D1AB57 /* PBXContainerItemProxy */ = {
			isa = PBXContainerItemProxy;
			containerPortal = 064036D723CC9DD200D1AB57 /* Project object */;
			proxyType = 1;
			remoteGlobalIDString = 064036DE23CC9DD200D1AB57;
			remoteInfo = MyPlaces;
		};
		0640370123CC9DD300D1AB57 /* PBXContainerItemProxy */ = {
			isa = PBXContainerItemProxy;
			containerPortal = 064036D723CC9DD200D1AB57 /* Project object */;
			proxyType = 1;
			remoteGlobalIDString = 064036DE23CC9DD200D1AB57;
			remoteInfo = MyPlaces;
		};
/* End PBXContainerItemProxy section */

/* Begin PBXFileReference section */
		06192DA523CCF69700D725A3 /* NewPlaceViewController.swift */ = {isa = PBXFileReference; lastKnownFileType = sourcecode.swift; path = NewPlaceViewController.swift; sourceTree = "<group>"; };
		064036DF23CC9DD200D1AB57 /* MyPlaces.app */ = {isa = PBXFileReference; explicitFileType = wrapper.application; includeInIndex = 0; path = MyPlaces.app; sourceTree = BUILT_PRODUCTS_DIR; };
		064036E223CC9DD200D1AB57 /* AppDelegate.swift */ = {isa = PBXFileReference; lastKnownFileType = sourcecode.swift; path = AppDelegate.swift; sourceTree = "<group>"; };
		064036E423CC9DD200D1AB57 /* SceneDelegate.swift */ = {isa = PBXFileReference; lastKnownFileType = sourcecode.swift; path = SceneDelegate.swift; sourceTree = "<group>"; };
		064036E623CC9DD200D1AB57 /* ViewController.swift */ = {isa = PBXFileReference; lastKnownFileType = sourcecode.swift; path = ViewController.swift; sourceTree = "<group>"; };
		064036E923CC9DD200D1AB57 /* Base */ = {isa = PBXFileReference; lastKnownFileType = file.storyboard; name = Base; path = Base.lproj/Main.storyboard; sourceTree = "<group>"; };
		064036EB23CC9DD300D1AB57 /* Assets.xcassets */ = {isa = PBXFileReference; lastKnownFileType = folder.assetcatalog; path = Assets.xcassets; sourceTree = "<group>"; };
		064036EE23CC9DD300D1AB57 /* Base */ = {isa = PBXFileReference; lastKnownFileType = file.storyboard; name = Base; path = Base.lproj/LaunchScreen.storyboard; sourceTree = "<group>"; };
		064036F023CC9DD300D1AB57 /* Info.plist */ = {isa = PBXFileReference; lastKnownFileType = text.plist.xml; path = Info.plist; sourceTree = "<group>"; };
		064036F523CC9DD300D1AB57 /* MyPlacesTests.xctest */ = {isa = PBXFileReference; explicitFileType = wrapper.cfbundle; includeInIndex = 0; path = MyPlacesTests.xctest; sourceTree = BUILT_PRODUCTS_DIR; };
		064036F923CC9DD300D1AB57 /* MyPlacesTests.swift */ = {isa = PBXFileReference; lastKnownFileType = sourcecode.swift; path = MyPlacesTests.swift; sourceTree = "<group>"; };
		064036FB23CC9DD300D1AB57 /* Info.plist */ = {isa = PBXFileReference; lastKnownFileType = text.plist.xml; path = Info.plist; sourceTree = "<group>"; };
		0640370023CC9DD300D1AB57 /* MyPlacesUITests.xctest */ = {isa = PBXFileReference; explicitFileType = wrapper.cfbundle; includeInIndex = 0; path = MyPlacesUITests.xctest; sourceTree = BUILT_PRODUCTS_DIR; };
		0640370423CC9DD300D1AB57 /* MyPlacesUITests.swift */ = {isa = PBXFileReference; lastKnownFileType = sourcecode.swift; path = MyPlacesUITests.swift; sourceTree = "<group>"; };
		0640370623CC9DD300D1AB57 /* Info.plist */ = {isa = PBXFileReference; lastKnownFileType = text.plist.xml; path = Info.plist; sourceTree = "<group>"; };
		0640371223CCC5D600D1AB57 /* CustomTableViewCell.swift */ = {isa = PBXFileReference; lastKnownFileType = sourcecode.swift; path = CustomTableViewCell.swift; sourceTree = "<group>"; };
		0640371423CCCE2C00D1AB57 /* PlaceModel.swift */ = {isa = PBXFileReference; lastKnownFileType = sourcecode.swift; path = PlaceModel.swift; sourceTree = "<group>"; };
/* End PBXFileReference section */

/* Begin PBXFrameworksBuildPhase section */
		064036DC23CC9DD200D1AB57 /* Frameworks */ = {
			isa = PBXFrameworksBuildPhase;
			buildActionMask = 2147483647;
			files = (
			);
			runOnlyForDeploymentPostprocessing = 0;
		};
		064036F223CC9DD300D1AB57 /* Frameworks */ = {
			isa = PBXFrameworksBuildPhase;
			buildActionMask = 2147483647;
			files = (
			);
			runOnlyForDeploymentPostprocessing = 0;
		};
		064036FD23CC9DD300D1AB57 /* Frameworks */ = {
			isa = PBXFrameworksBuildPhase;
			buildActionMask = 2147483647;
			files = (
			);
			runOnlyForDeploymentPostprocessing = 0;
		};
/* End PBXFrameworksBuildPhase section */

/* Begin PBXGroup section */
		064036D623CC9DD200D1AB57 = {
			isa = PBXGroup;
			children = (
				064036E123CC9DD200D1AB57 /* MyPlaces */,
				064036F823CC9DD300D1AB57 /* MyPlacesTests */,
				0640370323CC9DD300D1AB57 /* MyPlacesUITests */,
				064036E023CC9DD200D1AB57 /* Products */,
			);
			sourceTree = "<group>";
		};
		064036E023CC9DD200D1AB57 /* Products */ = {
			isa = PBXGroup;
			children = (
				064036DF23CC9DD200D1AB57 /* MyPlaces.app */,
				064036F523CC9DD300D1AB57 /* MyPlacesTests.xctest */,
				0640370023CC9DD300D1AB57 /* MyPlacesUITests.xctest */,
			);
			name = Products;
			sourceTree = "<group>";
		};
		064036E123CC9DD200D1AB57 /* MyPlaces */ = {
			isa = PBXGroup;
			children = (
				064036E223CC9DD200D1AB57 /* AppDelegate.swift */,
				064036E423CC9DD200D1AB57 /* SceneDelegate.swift */,
				064036E623CC9DD200D1AB57 /* ViewController.swift */,
				06192DA523CCF69700D725A3 /* NewPlaceViewController.swift */,
				0640371223CCC5D600D1AB57 /* CustomTableViewCell.swift */,
				0640371423CCCE2C00D1AB57 /* PlaceModel.swift */,
				064036E823CC9DD200D1AB57 /* Main.storyboard */,
				064036EB23CC9DD300D1AB57 /* Assets.xcassets */,
				064036ED23CC9DD300D1AB57 /* LaunchScreen.storyboard */,
				064036F023CC9DD300D1AB57 /* Info.plist */,
			);
			path = MyPlaces;
			sourceTree = "<group>";
		};
		064036F823CC9DD300D1AB57 /* MyPlacesTests */ = {
			isa = PBXGroup;
			children = (
				064036F923CC9DD300D1AB57 /* MyPlacesTests.swift */,
				064036FB23CC9DD300D1AB57 /* Info.plist */,
			);
			path = MyPlacesTests;
			sourceTree = "<group>";
		};
		0640370323CC9DD300D1AB57 /* MyPlacesUITests */ = {
			isa = PBXGroup;
			children = (
				0640370423CC9DD300D1AB57 /* MyPlacesUITests.swift */,
				0640370623CC9DD300D1AB57 /* Info.plist */,
			);
			path = MyPlacesUITests;
			sourceTree = "<group>";
		};
/* End PBXGroup section */

/* Begin PBXNativeTarget section */
		064036DE23CC9DD200D1AB57 /* MyPlaces */ = {
			isa = PBXNativeTarget;
			buildConfigurationList = 0640370923CC9DD300D1AB57 /* Build configuration list for PBXNativeTarget "MyPlaces" */;
			buildPhases = (
				064036DB23CC9DD200D1AB57 /* Sources */,
				064036DC23CC9DD200D1AB57 /* Frameworks */,
				064036DD23CC9DD200D1AB57 /* Resources */,
			);
			buildRules = (
			);
			dependencies = (
			);
			name = MyPlaces;
			productName = MyPlaces;
			productReference = 064036DF23CC9DD200D1AB57 /* MyPlaces.app */;
			productType = "com.apple.product-type.application";
		};
		064036F423CC9DD300D1AB57 /* MyPlacesTests */ = {
			isa = PBXNativeTarget;
			buildConfigurationList = 0640370C23CC9DD300D1AB57 /* Build configuration list for PBXNativeTarget "MyPlacesTests" */;
			buildPhases = (
				064036F123CC9DD300D1AB57 /* Sources */,
				064036F223CC9DD300D1AB57 /* Frameworks */,
				064036F323CC9DD300D1AB57 /* Resources */,
			);
			buildRules = (
			);
			dependencies = (
				064036F723CC9DD300D1AB57 /* PBXTargetDependency */,
			);
			name = MyPlacesTests;
			productName = MyPlacesTests;
			productReference = 064036F523CC9DD300D1AB57 /* MyPlacesTests.xctest */;
			productType = "com.apple.product-type.bundle.unit-test";
		};
		064036FF23CC9DD300D1AB57 /* MyPlacesUITests */ = {
			isa = PBXNativeTarget;
			buildConfigurationList = 0640370F23CC9DD300D1AB57 /* Build configuration list for PBXNativeTarget "MyPlacesUITests" */;
			buildPhases = (
				064036FC23CC9DD300D1AB57 /* Sources */,
				064036FD23CC9DD300D1AB57 /* Frameworks */,
				064036FE23CC9DD300D1AB57 /* Resources */,
			);
			buildRules = (
			);
			dependencies = (
				0640370223CC9DD300D1AB57 /* PBXTargetDependency */,
			);
			name = MyPlacesUITests;
			productName = MyPlacesUITests;
			productReference = 0640370023CC9DD300D1AB57 /* MyPlacesUITests.xctest */;
			productType = "com.apple.product-type.bundle.ui-testing";
		};
/* End PBXNativeTarget section */

/* Begin PBXProject section */
		064036D723CC9DD200D1AB57 /* Project object */ = {
			isa = PBXProject;
			attributes = {
				LastSwiftUpdateCheck = 1130;
				LastUpgradeCheck = 1130;
				ORGANIZATIONNAME = "Serhii Demianenko";
				TargetAttributes = {
					064036DE23CC9DD200D1AB57 = {
						CreatedOnToolsVersion = 11.3;
					};
					064036F423CC9DD300D1AB57 = {
						CreatedOnToolsVersion = 11.3;
						TestTargetID = 064036DE23CC9DD200D1AB57;
					};
					064036FF23CC9DD300D1AB57 = {
						CreatedOnToolsVersion = 11.3;
						TestTargetID = 064036DE23CC9DD200D1AB57;
					};
				};
			};
			buildConfigurationList = 064036DA23CC9DD200D1AB57 /* Build configuration list for PBXProject "MyPlaces" */;
			compatibilityVersion = "Xcode 9.3";
			developmentRegion = en;
			hasScannedForEncodings = 0;
			knownRegions = (
				en,
				Base,
			);
			mainGroup = 064036D623CC9DD200D1AB57;
			productRefGroup = 064036E023CC9DD200D1AB57 /* Products */;
			projectDirPath = "";
			projectRoot = "";
			targets = (
				064036DE23CC9DD200D1AB57 /* MyPlaces */,
				064036F423CC9DD300D1AB57 /* MyPlacesTests */,
				064036FF23CC9DD300D1AB57 /* MyPlacesUITests */,
			);
		};
/* End PBXProject section */

/* Begin PBXResourcesBuildPhase section */
		064036DD23CC9DD200D1AB57 /* Resources */ = {
			isa = PBXResourcesBuildPhase;
			buildActionMask = 2147483647;
			files = (
				064036EF23CC9DD300D1AB57 /* LaunchScreen.storyboard in Resources */,
				064036EC23CC9DD300D1AB57 /* Assets.xcassets in Resources */,
				064036EA23CC9DD200D1AB57 /* Main.storyboard in Resources */,
			);
			runOnlyForDeploymentPostprocessing = 0;
		};
		064036F323CC9DD300D1AB57 /* Resources */ = {
			isa = PBXResourcesBuildPhase;
			buildActionMask = 2147483647;
			files = (
			);
			runOnlyForDeploymentPostprocessing = 0;
		};
		064036FE23CC9DD300D1AB57 /* Resources */ = {
			isa = PBXResourcesBuildPhase;
			buildActionMask = 2147483647;
			files = (
			);
			runOnlyForDeploymentPostprocessing = 0;
		};
/* End PBXResourcesBuildPhase section */

/* Begin PBXSourcesBuildPhase section */
		064036DB23CC9DD200D1AB57 /* Sources */ = {
			isa = PBXSourcesBuildPhase;
			buildActionMask = 2147483647;
			files = (
				064036E723CC9DD200D1AB57 /* ViewController.swift in Sources */,
				06192DA623CCF69700D725A3 /* NewPlaceViewController.swift in Sources */,
				064036E323CC9DD200D1AB57 /* AppDelegate.swift in Sources */,
				0640371523CCCE2C00D1AB57 /* PlaceModel.swift in Sources */,
				0640371323CCC5D600D1AB57 /* CustomTableViewCell.swift in Sources */,
				064036E523CC9DD200D1AB57 /* SceneDelegate.swift in Sources */,
			);
			runOnlyForDeploymentPostprocessing = 0;
		};
		064036F123CC9DD300D1AB57 /* Sources */ = {
			isa = PBXSourcesBuildPhase;
			buildActionMask = 2147483647;
			files = (
				064036FA23CC9DD300D1AB57 /* MyPlacesTests.swift in Sources */,
			);
			runOnlyForDeploymentPostprocessing = 0;
		};
		064036FC23CC9DD300D1AB57 /* Sources */ = {
			isa = PBXSourcesBuildPhase;
			buildActionMask = 2147483647;
			files = (
				0640370523CC9DD300D1AB57 /* MyPlacesUITests.swift in Sources */,
			);
			runOnlyForDeploymentPostprocessing = 0;
		};
/* End PBXSourcesBuildPhase section */

/* Begin PBXTargetDependency section */
		064036F723CC9DD300D1AB57 /* PBXTargetDependency */ = {
			isa = PBXTargetDependency;
			target = 064036DE23CC9DD200D1AB57 /* MyPlaces */;
			targetProxy = 064036F623CC9DD300D1AB57 /* PBXContainerItemProxy */;
		};
		0640370223CC9DD300D1AB57 /* PBXTargetDependency */ = {
			isa = PBXTargetDependency;
			target = 064036DE23CC9DD200D1AB57 /* MyPlaces */;
			targetProxy = 0640370123CC9DD300D1AB57 /* PBXContainerItemProxy */;
		};
/* End PBXTargetDependency section */

/* Begin PBXVariantGroup section */
		064036E823CC9DD200D1AB57 /* Main.storyboard */ = {
			isa = PBXVariantGroup;
			children = (
				064036E923CC9DD200D1AB57 /* Base */,
			);
			name = Main.storyboard;
			sourceTree = "<group>";
		};
		064036ED23CC9DD300D1AB57 /* LaunchScreen.storyboard */ = {
			isa = PBXVariantGroup;
			children = (
				064036EE23CC9DD300D1AB57 /* Base */,
			);
			name = LaunchScreen.storyboard;
			sourceTree = "<group>";
		};
/* End PBXVariantGroup section */

/* Begin XCBuildConfiguration section */
		0640370723CC9DD300D1AB57 /* Debug */ = {
			isa = XCBuildConfiguration;
			buildSettings = {
				ALWAYS_SEARCH_USER_PATHS = NO;
				CLANG_ANALYZER_NONNULL = YES;
				CLANG_ANALYZER_NUMBER_OBJECT_CONVERSION = YES_AGGRESSIVE;
				CLANG_CXX_LANGUAGE_STANDARD = "gnu++14";
				CLANG_CXX_LIBRARY = "libc++";
				CLANG_ENABLE_MODULES = YES;
				CLANG_ENABLE_OBJC_ARC = YES;
				CLANG_ENABLE_OBJC_WEAK = YES;
				CLANG_WARN_BLOCK_CAPTURE_AUTORELEASING = YES;
				CLANG_WARN_BOOL_CONVERSION = YES;
				CLANG_WARN_COMMA = YES;
				CLANG_WARN_CONSTANT_CONVERSION = YES;
				CLANG_WARN_DEPRECATED_OBJC_IMPLEMENTATIONS = YES;
				CLANG_WARN_DIRECT_OBJC_ISA_USAGE = YES_ERROR;
				CLANG_WARN_DOCUMENTATION_COMMENTS = YES;
				CLANG_WARN_EMPTY_BODY = YES;
				CLANG_WARN_ENUM_CONVERSION = YES;
				CLANG_WARN_INFINITE_RECURSION = YES;
				CLANG_WARN_INT_CONVERSION = YES;
				CLANG_WARN_NON_LITERAL_NULL_CONVERSION = YES;
				CLANG_WARN_OBJC_IMPLICIT_RETAIN_SELF = YES;
				CLANG_WARN_OBJC_LITERAL_CONVERSION = YES;
				CLANG_WARN_OBJC_ROOT_CLASS = YES_ERROR;
				CLANG_WARN_RANGE_LOOP_ANALYSIS = YES;
				CLANG_WARN_STRICT_PROTOTYPES = YES;
				CLANG_WARN_SUSPICIOUS_MOVE = YES;
				CLANG_WARN_UNGUARDED_AVAILABILITY = YES_AGGRESSIVE;
				CLANG_WARN_UNREACHABLE_CODE = YES;
				CLANG_WARN__DUPLICATE_METHOD_MATCH = YES;
				COPY_PHASE_STRIP = NO;
				DEBUG_INFORMATION_FORMAT = dwarf;
				ENABLE_STRICT_OBJC_MSGSEND = YES;
				ENABLE_TESTABILITY = YES;
				GCC_C_LANGUAGE_STANDARD = gnu11;
				GCC_DYNAMIC_NO_PIC = NO;
				GCC_NO_COMMON_BLOCKS = YES;
				GCC_OPTIMIZATION_LEVEL = 0;
				GCC_PREPROCESSOR_DEFINITIONS = (
					"DEBUG=1",
					"$(inherited)",
				);
				GCC_WARN_64_TO_32_BIT_CONVERSION = YES;
				GCC_WARN_ABOUT_RETURN_TYPE = YES_ERROR;
				GCC_WARN_UNDECLARED_SELECTOR = YES;
				GCC_WARN_UNINITIALIZED_AUTOS = YES_AGGRESSIVE;
				GCC_WARN_UNUSED_FUNCTION = YES;
				GCC_WARN_UNUSED_VARIABLE = YES;
				IPHONEOS_DEPLOYMENT_TARGET = 13.2;
				MTL_ENABLE_DEBUG_INFO = INCLUDE_SOURCE;
				MTL_FAST_MATH = YES;
				ONLY_ACTIVE_ARCH = YES;
				SDKROOT = iphoneos;
				SWIFT_ACTIVE_COMPILATION_CONDITIONS = DEBUG;
				SWIFT_OPTIMIZATION_LEVEL = "-Onone";
			};
			name = Debug;
		};
		0640370823CC9DD300D1AB57 /* Release */ = {
			isa = XCBuildConfiguration;
			buildSettings = {
				ALWAYS_SEARCH_USER_PATHS = NO;
				CLANG_ANALYZER_NONNULL = YES;
				CLANG_ANALYZER_NUMBER_OBJECT_CONVERSION = YES_AGGRESSIVE;
				CLANG_CXX_LANGUAGE_STANDARD = "gnu++14";
				CLANG_CXX_LIBRARY = "libc++";
				CLANG_ENABLE_MODULES = YES;
				CLANG_ENABLE_OBJC_ARC = YES;
				CLANG_ENABLE_OBJC_WEAK = YES;
				CLANG_WARN_BLOCK_CAPTURE_AUTORELEASING = YES;
				CLANG_WARN_BOOL_CONVERSION = YES;
				CLANG_WARN_COMMA = YES;
				CLANG_WARN_CONSTANT_CONVERSION = YES;
				CLANG_WARN_DEPRECATED_OBJC_IMPLEMENTATIONS = YES;
				CLANG_WARN_DIRECT_OBJC_ISA_USAGE = YES_ERROR;
				CLANG_WARN_DOCUMENTATION_COMMENTS = YES;
				CLANG_WARN_EMPTY_BODY = YES;
				CLANG_WARN_ENUM_CONVERSION = YES;
				CLANG_WARN_INFINITE_RECURSION = YES;
				CLANG_WARN_INT_CONVERSION = YES;
				CLANG_WARN_NON_LITERAL_NULL_CONVERSION = YES;
				CLANG_WARN_OBJC_IMPLICIT_RETAIN_SELF = YES;
				CLANG_WARN_OBJC_LITERAL_CONVERSION = YES;
				CLANG_WARN_OBJC_ROOT_CLASS = YES_ERROR;
				CLANG_WARN_RANGE_LOOP_ANALYSIS = YES;
				CLANG_WARN_STRICT_PROTOTYPES = YES;
				CLANG_WARN_SUSPICIOUS_MOVE = YES;
				CLANG_WARN_UNGUARDED_AVAILABILITY = YES_AGGRESSIVE;
				CLANG_WARN_UNREACHABLE_CODE = YES;
				CLANG_WARN__DUPLICATE_METHOD_MATCH = YES;
				COPY_PHASE_STRIP = NO;
				DEBUG_INFORMATION_FORMAT = "dwarf-with-dsym";
				ENABLE_NS_ASSERTIONS = NO;
				ENABLE_STRICT_OBJC_MSGSEND = YES;
				GCC_C_LANGUAGE_STANDARD = gnu11;
				GCC_NO_COMMON_BLOCKS = YES;
				GCC_WARN_64_TO_32_BIT_CONVERSION = YES;
				GCC_WARN_ABOUT_RETURN_TYPE = YES_ERROR;
				GCC_WARN_UNDECLARED_SELECTOR = YES;
				GCC_WARN_UNINITIALIZED_AUTOS = YES_AGGRESSIVE;
				GCC_WARN_UNUSED_FUNCTION = YES;
				GCC_WARN_UNUSED_VARIABLE = YES;
				IPHONEOS_DEPLOYMENT_TARGET = 13.2;
				MTL_ENABLE_DEBUG_INFO = NO;
				MTL_FAST_MATH = YES;
				SDKROOT = iphoneos;
				SWIFT_COMPILATION_MODE = wholemodule;
				SWIFT_OPTIMIZATION_LEVEL = "-O";
				VALIDATE_PRODUCT = YES;
			};
			name = Release;
		};
		0640370A23CC9DD300D1AB57 /* Debug */ = {
			isa = XCBuildConfiguration;
			buildSettings = {
				ASSETCATALOG_COMPILER_APPICON_NAME = AppIcon;
				CODE_SIGN_STYLE = Automatic;
				DEVELOPMENT_TEAM = 52U947422P;
				INFOPLIST_FILE = MyPlaces/Info.plist;
				LD_RUNPATH_SEARCH_PATHS = (
					"$(inherited)",
					"@executable_path/Frameworks",
				);
				PRODUCT_BUNDLE_IDENTIFIER = h.MyPlaces;
				PRODUCT_NAME = "$(TARGET_NAME)";
				SWIFT_VERSION = 5.0;
				TARGETED_DEVICE_FAMILY = "1,2";
			};
			name = Debug;
		};
		0640370B23CC9DD300D1AB57 /* Release */ = {
			isa = XCBuildConfiguration;
			buildSettings = {
				ASSETCATALOG_COMPILER_APPICON_NAME = AppIcon;
				CODE_SIGN_STYLE = Automatic;
				DEVELOPMENT_TEAM = 52U947422P;
				INFOPLIST_FILE = MyPlaces/Info.plist;
				LD_RUNPATH_SEARCH_PATHS = (
					"$(inherited)",
					"@executable_path/Frameworks",
				);
				PRODUCT_BUNDLE_IDENTIFIER = h.MyPlaces;
				PRODUCT_NAME = "$(TARGET_NAME)";
				SWIFT_VERSION = 5.0;
				TARGETED_DEVICE_FAMILY = "1,2";
			};
			name = Release;
		};
		0640370D23CC9DD300D1AB57 /* Debug */ = {
			isa = XCBuildConfiguration;
			buildSettings = {
				ALWAYS_EMBED_SWIFT_STANDARD_LIBRARIES = YES;
				BUNDLE_LOADER = "$(TEST_HOST)";
				CODE_SIGN_STYLE = Automatic;
				DEVELOPMENT_TEAM = 52U947422P;
				INFOPLIST_FILE = MyPlacesTests/Info.plist;
				IPHONEOS_DEPLOYMENT_TARGET = 13.2;
				LD_RUNPATH_SEARCH_PATHS = (
					"$(inherited)",
					"@executable_path/Frameworks",
					"@loader_path/Frameworks",
				);
				PRODUCT_BUNDLE_IDENTIFIER = h.MyPlacesTests;
				PRODUCT_NAME = "$(TARGET_NAME)";
				SWIFT_VERSION = 5.0;
				TARGETED_DEVICE_FAMILY = "1,2";
				TEST_HOST = "$(BUILT_PRODUCTS_DIR)/MyPlaces.app/MyPlaces";
			};
			name = Debug;
		};
		0640370E23CC9DD300D1AB57 /* Release */ = {
			isa = XCBuildConfiguration;
			buildSettings = {
				ALWAYS_EMBED_SWIFT_STANDARD_LIBRARIES = YES;
				BUNDLE_LOADER = "$(TEST_HOST)";
				CODE_SIGN_STYLE = Automatic;
				DEVELOPMENT_TEAM = 52U947422P;
				INFOPLIST_FILE = MyPlacesTests/Info.plist;
				IPHONEOS_DEPLOYMENT_TARGET = 13.2;
				LD_RUNPATH_SEARCH_PATHS = (
					"$(inherited)",
					"@executable_path/Frameworks",
					"@loader_path/Frameworks",
				);
				PRODUCT_BUNDLE_IDENTIFIER = h.MyPlacesTests;
				PRODUCT_NAME = "$(TARGET_NAME)";
				SWIFT_VERSION = 5.0;
				TARGETED_DEVICE_FAMILY = "1,2";
				TEST_HOST = "$(BUILT_PRODUCTS_DIR)/MyPlaces.app/MyPlaces";
			};
			name = Release;
		};
		0640371023CC9DD300D1AB57 /* Debug */ = {
			isa = XCBuildConfiguration;
			buildSettings = {
				ALWAYS_EMBED_SWIFT_STANDARD_LIBRARIES = YES;
				CODE_SIGN_STYLE = Automatic;
				DEVELOPMENT_TEAM = 52U947422P;
				INFOPLIST_FILE = MyPlacesUITests/Info.plist;
				LD_RUNPATH_SEARCH_PATHS = (
					"$(inherited)",
					"@executable_path/Frameworks",
					"@loader_path/Frameworks",
				);
				PRODUCT_BUNDLE_IDENTIFIER = h.MyPlacesUITests;
				PRODUCT_NAME = "$(TARGET_NAME)";
				SWIFT_VERSION = 5.0;
				TARGETED_DEVICE_FAMILY = "1,2";
				TEST_TARGET_NAME = MyPlaces;
			};
			name = Debug;
		};
		0640371123CC9DD300D1AB57 /* Release */ = {
			isa = XCBuildConfiguration;
			buildSettings = {
				ALWAYS_EMBED_SWIFT_STANDARD_LIBRARIES = YES;
				CODE_SIGN_STYLE = Automatic;
				DEVELOPMENT_TEAM = 52U947422P;
				INFOPLIST_FILE = MyPlacesUITests/Info.plist;
				LD_RUNPATH_SEARCH_PATHS = (
					"$(inherited)",
					"@executable_path/Frameworks",
					"@loader_path/Frameworks",
				);
				PRODUCT_BUNDLE_IDENTIFIER = h.MyPlacesUITests;
				PRODUCT_NAME = "$(TARGET_NAME)";
				SWIFT_VERSION = 5.0;
				TARGETED_DEVICE_FAMILY = "1,2";
				TEST_TARGET_NAME = MyPlaces;
			};
			name = Release;
		};
/* End XCBuildConfiguration section */

/* Begin XCConfigurationList section */
		064036DA23CC9DD200D1AB57 /* Build configuration list for PBXProject "MyPlaces" */ = {
			isa = XCConfigurationList;
			buildConfigurations = (
				0640370723CC9DD300D1AB57 /* Debug */,
				0640370823CC9DD300D1AB57 /* Release */,
			);
			defaultConfigurationIsVisible = 0;
			defaultConfigurationName = Release;
		};
		0640370923CC9DD300D1AB57 /* Build configuration list for PBXNativeTarget "MyPlaces" */ = {
			isa = XCConfigurationList;
			buildConfigurations = (
				0640370A23CC9DD300D1AB57 /* Debug */,
				0640370B23CC9DD300D1AB57 /* Release */,
			);
			defaultConfigurationIsVisible = 0;
			defaultConfigurationName = Release;
		};
		0640370C23CC9DD300D1AB57 /* Build configuration list for PBXNativeTarget "MyPlacesTests" */ = {
			isa = XCConfigurationList;
			buildConfigurations = (
				0640370D23CC9DD300D1AB57 /* Debug */,
				0640370E23CC9DD300D1AB57 /* Release */,
			);
			defaultConfigurationIsVisible = 0;
			defaultConfigurationName = Release;
		};
		0640370F23CC9DD300D1AB57 /* Build configuration list for PBXNativeTarget "MyPlacesUITests" */ = {
			isa = XCConfigurationList;
			buildConfigurations = (
				0640371023CC9DD300D1AB57 /* Debug */,
				0640371123CC9DD300D1AB57 /* Release */,
			);
			defaultConfigurationIsVisible = 0;
			defaultConfigurationName = Release;
		};
/* End XCConfigurationList section */
	};
	rootObject = 064036D723CC9DD200D1AB57 /* Project object */;
}
